
Microsoft Visual Studio Solution File, Format Version 12.00
# Visual Studio Version 16
VisualStudioVersion = 16.0.32510.428
MinimumVisualStudioVersion = 10.0.40219.1
Project("{FAE04EC0-301F-11D3-BF4B-00C04F79EFBC}") = "Myproject99", "Myproject99\Myproject99.csproj", "{715116E5-8AD7-4ADE-AC3A-75A826E8C30C}"
EndProject
Global
	GlobalSection(SolutionConfigurationPlatforms) = preSolution
		Debug|Any CPU = Debug|Any CPU
		Release|Any CPU = Release|Any CPU
	EndGlobalSection
	GlobalSection(ProjectConfigurationPlatforms) = postSolution
		{715116E5-8AD7-4ADE-AC3A-75A826E8C30C}.Debug|Any CPU.ActiveCfg = Debug|Any CPU
		{715116E5-8AD7-4ADE-AC3A-75A826E8C30C}.Debug|Any CPU.Build.0 = Debug|Any CPU
		{715116E5-8AD7-4ADE-AC3A-75A826E8C30C}.Release|Any CPU.ActiveCfg = Release|Any CPU
		{715116E5-8AD7-4ADE-AC3A-75A826E8C30C}.Release|Any CPU.Build.0 = Release|Any CPU
	EndGlobalSection
	GlobalSection(SolutionProperties) = preSolution
		HideSolutionNode = FALSE
	EndGlobalSection
	GlobalSection(ExtensibilityGlobals) = postSolution
		SolutionGuid = {03A9F6EC-9858-4560-BC7E-85E57625EEDE}
	EndGlobalSection
EndGlobal
